
Microsoft Visual Studio Solution File, Format Version 12.00
# Visual Studio Version 16
VisualStudioVersion = 16.0.30517.126
MinimumVisualStudioVersion = 10.0.40219.1
Project("{FAE04EC0-301F-11D3-BF4B-00C04F79EFBC}") = "CompilerAssemblyForCloneObject", "CompilerAssemblyForCloneObject.csproj", "{1898731F-932F-4AC0-88E9-D1E29C285701}"
EndProject
Global
	GlobalSection(SolutionConfigurationPlatforms) = preSolution
		Debug|Any CPU = Debug|Any CPU
		Release|Any CPU = Release|Any CPU
	EndGlobalSection
	GlobalSection(ProjectConfigurationPlatforms) = postSolution
		{1898731F-932F-4AC0-88E9-D1E29C285701}.Debug|Any CPU.ActiveCfg = Debug|Any CPU
		{1898731F-932F-4AC0-88E9-D1E29C285701}.Debug|Any CPU.Build.0 = Debug|Any CPU
		{1898731F-932F-4AC0-88E9-D1E29C285701}.Release|Any CPU.ActiveCfg = Release|Any CPU
		{1898731F-932F-4AC0-88E9-D1E29C285701}.Release|Any CPU.Build.0 = Release|Any CPU
	EndGlobalSection
	GlobalSection(SolutionProperties) = preSolution
		HideSolutionNode = FALSE
	EndGlobalSection
	GlobalSection(ExtensibilityGlobals) = postSolution
		SolutionGuid = {35AFD2D2-9E18-47B1-BE6E-99B9C628A8FF}
	EndGlobalSection
EndGlobal
